// !$*UTF8*$!
{
	archiveVersion = 1;
	classes = {
	};
	objectVersion = 56;
	objects = {

/* Begin PBXBuildFile section */
		CE08C7262900E9CF00B06C77 /* DetailViewController.m in Sources */ = {isa = PBXBuildFile; fileRef = CE08C7252900E9CF00B06C77 /* DetailViewController.m */; };
		CE08C7292900EC3600B06C77 /* MapKit.framework in Frameworks */ = {isa = PBXBuildFile; fileRef = CE08C7282900EC3600B06C77 /* MapKit.framework */; };
		CE08C72C2902F39E00B06C77 /* MapPin.m in Sources */ = {isa = PBXBuildFile; fileRef = CE08C72B2902F39E00B06C77 /* MapPin.m */; };
		CE3BAEA628FA61D100B011CA /* AppDelegate.m in Sources */ = {isa = PBXBuildFile; fileRef = CE3BAEA528FA61D100B011CA /* AppDelegate.m */; };
		CE3BAEA928FA61D100B011CA /* SceneDelegate.m in Sources */ = {isa = PBXBuildFile; fileRef = CE3BAEA828FA61D100B011CA /* SceneDelegate.m */; };
		CE3BAEB128FA61D300B011CA /* Assets.xcassets in Resources */ = {isa = PBXBuildFile; fileRef = CE3BAEB028FA61D300B011CA /* Assets.xcassets */; };
		CE3BAEB428FA61D300B011CA /* LaunchScreen.storyboard in Resources */ = {isa = PBXBuildFile; fileRef = CE3BAEB228FA61D300B011CA /* LaunchScreen.storyboard */; };
		CE3BAEB728FA61D300B011CA /* main.m in Sources */ = {isa = PBXBuildFile; fileRef = CE3BAEB628FA61D300B011CA /* main.m */; };
		CE3BAEC128FA61D300B011CA /* LondonLandmarksTests.m in Sources */ = {isa = PBXBuildFile; fileRef = CE3BAEC028FA61D300B011CA /* LondonLandmarksTests.m */; };
		CE3BAECB28FA61D300B011CA /* LondonLandmarksUITests.m in Sources */ = {isa = PBXBuildFile; fileRef = CE3BAECA28FA61D300B011CA /* LondonLandmarksUITests.m */; };
		CE3BAECD28FA61D300B011CA /* LondonLandmarksUITestsLaunchTests.m in Sources */ = {isa = PBXBuildFile; fileRef = CE3BAECC28FA61D300B011CA /* LondonLandmarksUITestsLaunchTests.m */; };
		CEEA2FC128FE167500DD6E86 /* Main.storyboard in Resources */ = {isa = PBXBuildFile; fileRef = CEEA2FC028FE167400DD6E86 /* Main.storyboard */; };
		CEEA2FC228FE167500DD6E86 /* Main.storyboard in Resources */ = {isa = PBXBuildFile; fileRef = CEEA2FC028FE167400DD6E86 /* Main.storyboard */; };
		CEEA2FC528FE18A900DD6E86 /* TableViewController.m in Sources */ = {isa = PBXBuildFile; fileRef = CEEA2FC428FE18A900DD6E86 /* TableViewController.m */; };
		CEEA2FC628FE18A900DD6E86 /* TableViewController.m in Sources */ = {isa = PBXBuildFile; fileRef = CEEA2FC428FE18A900DD6E86 /* TableViewController.m */; };
		CEEA2FC928FE18D200DD6E86 /* TableViewCell.m in Sources */ = {isa = PBXBuildFile; fileRef = CEEA2FC828FE18D200DD6E86 /* TableViewCell.m */; };
		CEEA2FCA28FE18D200DD6E86 /* TableViewCell.m in Sources */ = {isa = PBXBuildFile; fileRef = CEEA2FC828FE18D200DD6E86 /* TableViewCell.m */; };
		CEEA2FCD28FE363E00DD6E86 /* ViewController.m in Sources */ = {isa = PBXBuildFile; fileRef = CEEA2FCC28FE363E00DD6E86 /* ViewController.m */; };
		CEEA2FCE28FE363E00DD6E86 /* ViewController.m in Sources */ = {isa = PBXBuildFile; fileRef = CEEA2FCC28FE363E00DD6E86 /* ViewController.m */; };
		CEEA2FD028FE393400DD6E86 /* Landmarks.plist in Resources */ = {isa = PBXBuildFile; fileRef = CEEA2FCF28FE393400DD6E86 /* Landmarks.plist */; };
		CEEA2FD128FE393400DD6E86 /* Landmarks.plist in Resources */ = {isa = PBXBuildFile; fileRef = CEEA2FCF28FE393400DD6E86 /* Landmarks.plist */; };
/* End PBXBuildFile section */

/* Begin PBXContainerItemProxy section */
		CE3BAEBD28FA61D300B011CA /* PBXContainerItemProxy */ = {
			isa = PBXContainerItemProxy;
			containerPortal = CE3BAE9928FA61D100B011CA /* Project object */;
			proxyType = 1;
			remoteGlobalIDString = CE3BAEA028FA61D100B011CA;
			remoteInfo = LondonLandmarks;
		};
		CE3BAEC728FA61D300B011CA /* PBXContainerItemProxy */ = {
			isa = PBXContainerItemProxy;
			containerPortal = CE3BAE9928FA61D100B011CA /* Project object */;
			proxyType = 1;
			remoteGlobalIDString = CE3BAEA028FA61D100B011CA;
			remoteInfo = LondonLandmarks;
		};
/* End PBXContainerItemProxy section */

/* Begin PBXFileReference section */
		CE08C7242900E9CF00B06C77 /* DetailViewController.h */ = {isa = PBXFileReference; lastKnownFileType = sourcecode.c.h; path = DetailViewController.h; sourceTree = "<group>"; };
		CE08C7252900E9CF00B06C77 /* DetailViewController.m */ = {isa = PBXFileReference; lastKnownFileType = sourcecode.c.objc; path = DetailViewController.m; sourceTree = "<group>"; };
		CE08C7282900EC3600B06C77 /* MapKit.framework */ = {isa = PBXFileReference; lastKnownFileType = wrapper.framework; name = MapKit.framework; path = System/Library/Frameworks/MapKit.framework; sourceTree = SDKROOT; };
		CE08C72A2902F39E00B06C77 /* MapPin.h */ = {isa = PBXFileReference; lastKnownFileType = sourcecode.c.h; path = MapPin.h; sourceTree = "<group>"; };
		CE08C72B2902F39E00B06C77 /* MapPin.m */ = {isa = PBXFileReference; lastKnownFileType = sourcecode.c.objc; path = MapPin.m; sourceTree = "<group>"; };
		CE3BAEA128FA61D100B011CA /* LondonLandmarks.app */ = {isa = PBXFileReference; explicitFileType = wrapper.application; includeInIndex = 0; path = LondonLandmarks.app; sourceTree = BUILT_PRODUCTS_DIR; };
		CE3BAEA428FA61D100B011CA /* AppDelegate.h */ = {isa = PBXFileReference; lastKnownFileType = sourcecode.c.h; path = AppDelegate.h; sourceTree = "<group>"; };
		CE3BAEA528FA61D100B011CA /* AppDelegate.m */ = {isa = PBXFileReference; lastKnownFileType = sourcecode.c.objc; path = AppDelegate.m; sourceTree = "<group>"; };
		CE3BAEA728FA61D100B011CA /* SceneDelegate.h */ = {isa = PBXFileReference; lastKnownFileType = sourcecode.c.h; path = SceneDelegate.h; sourceTree = "<group>"; };
		CE3BAEA828FA61D100B011CA /* SceneDelegate.m */ = {isa = PBXFileReference; lastKnownFileType = sourcecode.c.objc; path = SceneDelegate.m; sourceTree = "<group>"; };
		CE3BAEB028FA61D300B011CA /* Assets.xcassets */ = {isa = PBXFileReference; lastKnownFileType = folder.assetcatalog; path = Assets.xcassets; sourceTree = "<group>"; };
		CE3BAEB328FA61D300B011CA /* Base */ = {isa = PBXFileReference; lastKnownFileType = file.storyboard; name = Base; path = Base.lproj/LaunchScreen.storyboard; sourceTree = "<group>"; };
		CE3BAEB528FA61D300B011CA /* Info.plist */ = {isa = PBXFileReference; lastKnownFileType = text.plist.xml; path = Info.plist; sourceTree = "<group>"; };
		CE3BAEB628FA61D300B011CA /* main.m */ = {isa = PBXFileReference; lastKnownFileType = sourcecode.c.objc; path = main.m; sourceTree = "<group>"; };
		CE3BAEBC28FA61D300B011CA /* LondonLandmarksTests.xctest */ = {isa = PBXFileReference; explicitFileType = wrapper.cfbundle; includeInIndex = 0; path = LondonLandmarksTests.xctest; sourceTree = BUILT_PRODUCTS_DIR; };
		CE3BAEC028FA61D300B011CA /* LondonLandmarksTests.m */ = {isa = PBXFileReference; lastKnownFileType = sourcecode.c.objc; path = LondonLandmarksTests.m; sourceTree = "<group>"; };
		CE3BAEC628FA61D300B011CA /* LondonLandmarksUITests.xctest */ = {isa = PBXFileReference; explicitFileType = wrapper.cfbundle; includeInIndex = 0; path = LondonLandmarksUITests.xctest; sourceTree = BUILT_PRODUCTS_DIR; };
		CE3BAECA28FA61D300B011CA /* LondonLandmarksUITests.m */ = {isa = PBXFileReference; lastKnownFileType = sourcecode.c.objc; path = LondonLandmarksUITests.m; sourceTree = "<group>"; };
		CE3BAECC28FA61D300B011CA /* LondonLandmarksUITestsLaunchTests.m */ = {isa = PBXFileReference; lastKnownFileType = sourcecode.c.objc; path = LondonLandmarksUITestsLaunchTests.m; sourceTree = "<group>"; };
		CEEA2FC028FE167400DD6E86 /* Main.storyboard */ = {isa = PBXFileReference; fileEncoding = 4; lastKnownFileType = file.storyboard; path = Main.storyboard; sourceTree = "<group>"; };
		CEEA2FC328FE18A900DD6E86 /* TableViewController.h */ = {isa = PBXFileReference; lastKnownFileType = sourcecode.c.h; path = TableViewController.h; sourceTree = "<group>"; };
		CEEA2FC428FE18A900DD6E86 /* TableViewController.m */ = {isa = PBXFileReference; lastKnownFileType = sourcecode.c.objc; path = TableViewController.m; sourceTree = "<group>"; };
		CEEA2FC728FE18D200DD6E86 /* TableViewCell.h */ = {isa = PBXFileReference; lastKnownFileType = sourcecode.c.h; path = TableViewCell.h; sourceTree = "<group>"; };
		CEEA2FC828FE18D200DD6E86 /* TableViewCell.m */ = {isa = PBXFileReference; lastKnownFileType = sourcecode.c.objc; path = TableViewCell.m; sourceTree = "<group>"; };
		CEEA2FCB28FE363E00DD6E86 /* ViewController.h */ = {isa = PBXFileReference; lastKnownFileType = sourcecode.c.h; path = ViewController.h; sourceTree = "<group>"; };
		CEEA2FCC28FE363E00DD6E86 /* ViewController.m */ = {isa = PBXFileReference; lastKnownFileType = sourcecode.c.objc; path = ViewController.m; sourceTree = "<group>"; };
		CEEA2FCF28FE393400DD6E86 /* Landmarks.plist */ = {isa = PBXFileReference; fileEncoding = 4; lastKnownFileType = text.plist.xml; path = Landmarks.plist; sourceTree = "<group>"; };
/* End PBXFileReference section */

/* Begin PBXFrameworksBuildPhase section */
		CE3BAE9E28FA61D100B011CA /* Frameworks */ = {
			isa = PBXFrameworksBuildPhase;
			buildActionMask = 2147483647;
			files = (
				CE08C7292900EC3600B06C77 /* MapKit.framework in Frameworks */,
			);
			runOnlyForDeploymentPostprocessing = 0;
		};
		CE3BAEB928FA61D300B011CA /* Frameworks */ = {
			isa = PBXFrameworksBuildPhase;
			buildActionMask = 2147483647;
			files = (
			);
			runOnlyForDeploymentPostprocessing = 0;
		};
		CE3BAEC328FA61D300B011CA /* Frameworks */ = {
			isa = PBXFrameworksBuildPhase;
			buildActionMask = 2147483647;
			files = (
			);
			runOnlyForDeploymentPostprocessing = 0;
		};
/* End PBXFrameworksBuildPhase section */

/* Begin PBXGroup section */
		CE08C7272900EC3500B06C77 /* Frameworks */ = {
			isa = PBXGroup;
			children = (
				CE08C7282900EC3600B06C77 /* MapKit.framework */,
			);
			name = Frameworks;
			sourceTree = "<group>";
		};
		CE3BAE9828FA61D100B011CA = {
			isa = PBXGroup;
			children = (
				CE3BAEA328FA61D100B011CA /* LondonLandmarks */,
				CE3BAEBF28FA61D300B011CA /* LondonLandmarksTests */,
				CE3BAEC928FA61D300B011CA /* LondonLandmarksUITests */,
				CE3BAEA228FA61D100B011CA /* Products */,
				CE08C7272900EC3500B06C77 /* Frameworks */,
			);
			sourceTree = "<group>";
		};
		CE3BAEA228FA61D100B011CA /* Products */ = {
			isa = PBXGroup;
			children = (
				CE3BAEA128FA61D100B011CA /* LondonLandmarks.app */,
				CE3BAEBC28FA61D300B011CA /* LondonLandmarksTests.xctest */,
				CE3BAEC628FA61D300B011CA /* LondonLandmarksUITests.xctest */,
			);
			name = Products;
			sourceTree = "<group>";
		};
		CE3BAEA328FA61D100B011CA /* LondonLandmarks */ = {
			isa = PBXGroup;
			children = (
				CE3BAEA428FA61D100B011CA /* AppDelegate.h */,
				CE3BAEA528FA61D100B011CA /* AppDelegate.m */,
				CE3BAEA728FA61D100B011CA /* SceneDelegate.h */,
				CE3BAEA828FA61D100B011CA /* SceneDelegate.m */,
				CEEA2FC328FE18A900DD6E86 /* TableViewController.h */,
				CEEA2FC428FE18A900DD6E86 /* TableViewController.m */,
				CEEA2FC728FE18D200DD6E86 /* TableViewCell.h */,
				CEEA2FC828FE18D200DD6E86 /* TableViewCell.m */,
				CE08C7242900E9CF00B06C77 /* DetailViewController.h */,
				CE08C7252900E9CF00B06C77 /* DetailViewController.m */,
				CE08C72A2902F39E00B06C77 /* MapPin.h */,
				CE08C72B2902F39E00B06C77 /* MapPin.m */,
				CEEA2FC028FE167400DD6E86 /* Main.storyboard */,
				CE3BAEB028FA61D300B011CA /* Assets.xcassets */,
				CE3BAEB228FA61D300B011CA /* LaunchScreen.storyboard */,
				CE3BAEB528FA61D300B011CA /* Info.plist */,
				CE3BAEB628FA61D300B011CA /* main.m */,
				CEEA2FCB28FE363E00DD6E86 /* ViewController.h */,
				CEEA2FCC28FE363E00DD6E86 /* ViewController.m */,
				CEEA2FCF28FE393400DD6E86 /* Landmarks.plist */,
			);
			path = LondonLandmarks;
			sourceTree = "<group>";
		};
		CE3BAEBF28FA61D300B011CA /* LondonLandmarksTests */ = {
			isa = PBXGroup;
			children = (
				CE3BAEC028FA61D300B011CA /* LondonLandmarksTests.m */,
			);
			path = LondonLandmarksTests;
			sourceTree = "<group>";
		};
		CE3BAEC928FA61D300B011CA /* LondonLandmarksUITests */ = {
			isa = PBXGroup;
			children = (
				CE3BAECA28FA61D300B011CA /* LondonLandmarksUITests.m */,
				CE3BAECC28FA61D300B011CA /* LondonLandmarksUITestsLaunchTests.m */,
			);
			path = LondonLandmarksUITests;
			sourceTree = "<group>";
		};
/* End PBXGroup section */

/* Begin PBXNativeTarget section */
		CE3BAEA028FA61D100B011CA /* LondonLandmarks */ = {
			isa = PBXNativeTarget;
			buildConfigurationList = CE3BAED028FA61D300B011CA /* Build configuration list for PBXNativeTarget "LondonLandmarks" */;
			buildPhases = (
				CE3BAE9D28FA61D100B011CA /* Sources */,
				CE3BAE9E28FA61D100B011CA /* Frameworks */,
				CE3BAE9F28FA61D100B011CA /* Resources */,
			);
			buildRules = (
			);
			dependencies = (
			);
			name = LondonLandmarks;
			productName = LondonLandmarks;
			productReference = CE3BAEA128FA61D100B011CA /* LondonLandmarks.app */;
			productType = "com.apple.product-type.application";
		};
		CE3BAEBB28FA61D300B011CA /* LondonLandmarksTests */ = {
			isa = PBXNativeTarget;
			buildConfigurationList = CE3BAED328FA61D300B011CA /* Build configuration list for PBXNativeTarget "LondonLandmarksTests" */;
			buildPhases = (
				CE3BAEB828FA61D300B011CA /* Sources */,
				CE3BAEB928FA61D300B011CA /* Frameworks */,
				CE3BAEBA28FA61D300B011CA /* Resources */,
			);
			buildRules = (
			);
			dependencies = (
				CE3BAEBE28FA61D300B011CA /* PBXTargetDependency */,
			);
			name = LondonLandmarksTests;
			productName = LondonLandmarksTests;
			productReference = CE3BAEBC28FA61D300B011CA /* LondonLandmarksTests.xctest */;
			productType = "com.apple.product-type.bundle.unit-test";
		};
		CE3BAEC528FA61D300B011CA /* LondonLandmarksUITests */ = {
			isa = PBXNativeTarget;
			buildConfigurationList = CE3BAED628FA61D300B011CA /* Build configuration list for PBXNativeTarget "LondonLandmarksUITests" */;
			buildPhases = (
				CE3BAEC228FA61D300B011CA /* Sources */,
				CE3BAEC328FA61D300B011CA /* Frameworks */,
				CE3BAEC428FA61D300B011CA /* Resources */,
			);
			buildRules = (
			);
			dependencies = (
				CE3BAEC828FA61D300B011CA /* PBXTargetDependency */,
			);
			name = LondonLandmarksUITests;
			productName = LondonLandmarksUITests;
			productReference = CE3BAEC628FA61D300B011CA /* LondonLandmarksUITests.xctest */;
			productType = "com.apple.product-type.bundle.ui-testing";
		};
/* End PBXNativeTarget section */

/* Begin PBXProject section */
		CE3BAE9928FA61D100B011CA /* Project object */ = {
			isa = PBXProject;
			attributes = {
				BuildIndependentTargetsInParallel = 1;
				LastUpgradeCheck = 1400;
				TargetAttributes = {
					CE3BAEA028FA61D100B011CA = {
						CreatedOnToolsVersion = 14.0;
					};
					CE3BAEBB28FA61D300B011CA = {
						CreatedOnToolsVersion = 14.0;
						TestTargetID = CE3BAEA028FA61D100B011CA;
					};
					CE3BAEC528FA61D300B011CA = {
						CreatedOnToolsVersion = 14.0;
						TestTargetID = CE3BAEA028FA61D100B011CA;
					};
				};
			};
			buildConfigurationList = CE3BAE9C28FA61D100B011CA /* Build configuration list for PBXProject "LondonLandmarks" */;
			compatibilityVersion = "Xcode 14.0";
			developmentRegion = en;
			hasScannedForEncodings = 0;
			knownRegions = (
				en,
				Base,
			);
			mainGroup = CE3BAE9828FA61D100B011CA;
			productRefGroup = CE3BAEA228FA61D100B011CA /* Products */;
			projectDirPath = "";
			projectRoot = "";
			targets = (
				CE3BAEA028FA61D100B011CA /* LondonLandmarks */,
				CE3BAEBB28FA61D300B011CA /* LondonLandmarksTests */,
				CE3BAEC528FA61D300B011CA /* LondonLandmarksUITests */,
			);
		};
/* End PBXProject section */

/* Begin PBXResourcesBuildPhase section */
		CE3BAE9F28FA61D100B011CA /* Resources */ = {
			isa = PBXResourcesBuildPhase;
			buildActionMask = 2147483647;
			files = (
				CE3BAEB428FA61D300B011CA /* LaunchScreen.storyboard in Resources */,
				CE3BAEB128FA61D300B011CA /* Assets.xcassets in Resources */,
				CEEA2FD028FE393400DD6E86 /* Landmarks.plist in Resources */,
				CEEA2FC128FE167500DD6E86 /* Main.storyboard in Resources */,
			);
			runOnlyForDeploymentPostprocessing = 0;
		};
		CE3BAEBA28FA61D300B011CA /* Resources */ = {
			isa = PBXResourcesBuildPhase;
			buildActionMask = 2147483647;
			files = (
				CEEA2FD128FE393400DD6E86 /* Landmarks.plist in Resources */,
				CEEA2FC228FE167500DD6E86 /* Main.storyboard in Resources */,
			);
			runOnlyForDeploymentPostprocessing = 0;
		};
		CE3BAEC428FA61D300B011CA /* Resources */ = {
			isa = PBXResourcesBuildPhase;
			buildActionMask = 2147483647;
			files = (
			);
			runOnlyForDeploymentPostprocessing = 0;
		};
/* End PBXResourcesBuildPhase section */

/* Begin PBXSourcesBuildPhase section */
		CE3BAE9D28FA61D100B011CA /* Sources */ = {
			isa = PBXSourcesBuildPhase;
			buildActionMask = 2147483647;
			files = (
				CE08C72C2902F39E00B06C77 /* MapPin.m in Sources */,
				CEEA2FCD28FE363E00DD6E86 /* ViewController.m in Sources */,
				CE3BAEA628FA61D100B011CA /* AppDelegate.m in Sources */,
				CE3BAEB728FA61D300B011CA /* main.m in Sources */,
				CE3BAEA928FA61D100B011CA /* SceneDelegate.m in Sources */,
				CEEA2FC928FE18D200DD6E86 /* TableViewCell.m in Sources */,
				CEEA2FC528FE18A900DD6E86 /* TableViewController.m in Sources */,
				CE08C7262900E9CF00B06C77 /* DetailViewController.m in Sources */,
			);
			runOnlyForDeploymentPostprocessing = 0;
		};
		CE3BAEB828FA61D300B011CA /* Sources */ = {
			isa = PBXSourcesBuildPhase;
			buildActionMask = 2147483647;
			files = (
				CE3BAEC128FA61D300B011CA /* LondonLandmarksTests.m in Sources */,
				CEEA2FCA28FE18D200DD6E86 /* TableViewCell.m in Sources */,
				CEEA2FCE28FE363E00DD6E86 /* ViewController.m in Sources */,
				CEEA2FC628FE18A900DD6E86 /* TableViewController.m in Sources */,
			);
			runOnlyForDeploymentPostprocessing = 0;
		};
		CE3BAEC228FA61D300B011CA /* Sources */ = {
			isa = PBXSourcesBuildPhase;
			buildActionMask = 2147483647;
			files = (
				CE3BAECD28FA61D300B011CA /* LondonLandmarksUITestsLaunchTests.m in Sources */,
				CE3BAECB28FA61D300B011CA /* LondonLandmarksUITests.m in Sources */,
			);
			runOnlyForDeploymentPostprocessing = 0;
		};
/* End PBXSourcesBuildPhase section */

/* Begin PBXTargetDependency section */
		CE3BAEBE28FA61D300B011CA /* PBXTargetDependency */ = {
			isa = PBXTargetDependency;
			target = CE3BAEA028FA61D100B011CA /* LondonLandmarks */;
			targetProxy = CE3BAEBD28FA61D300B011CA /* PBXContainerItemProxy */;
		};
		CE3BAEC828FA61D300B011CA /* PBXTargetDependency */ = {
			isa = PBXTargetDependency;
			target = CE3BAEA028FA61D100B011CA /* LondonLandmarks */;
			targetProxy = CE3BAEC728FA61D300B011CA /* PBXContainerItemProxy */;
		};
/* End PBXTargetDependency section */

/* Begin PBXVariantGroup section */
		CE3BAEB228FA61D300B011CA /* LaunchScreen.storyboard */ = {
			isa = PBXVariantGroup;
			children = (
				CE3BAEB328FA61D300B011CA /* Base */,
			);
			name = LaunchScreen.storyboard;
			sourceTree = "<group>";
		};
/* End PBXVariantGroup section */

/* Begin XCBuildConfiguration section */
		CE3BAECE28FA61D300B011CA /* Debug */ = {
			isa = XCBuildConfiguration;
			buildSettings = {
				ALWAYS_SEARCH_USER_PATHS = NO;
				CLANG_ANALYZER_NONNULL = YES;
				CLANG_ANALYZER_NUMBER_OBJECT_CONVERSION = YES_AGGRESSIVE;
				CLANG_CXX_LANGUAGE_STANDARD = "gnu++20";
				CLANG_ENABLE_MODULES = YES;
				CLANG_ENABLE_OBJC_ARC = YES;
				CLANG_ENABLE_OBJC_WEAK = YES;
				CLANG_WARN_BLOCK_CAPTURE_AUTORELEASING = YES;
				CLANG_WARN_BOOL_CONVERSION = YES;
				CLANG_WARN_COMMA = YES;
				CLANG_WARN_CONSTANT_CONVERSION = YES;
				CLANG_WARN_DEPRECATED_OBJC_IMPLEMENTATIONS = YES;
				CLANG_WARN_DIRECT_OBJC_ISA_USAGE = YES_ERROR;
				CLANG_WARN_DOCUMENTATION_COMMENTS = YES;
				CLANG_WARN_EMPTY_BODY = YES;
				CLANG_WARN_ENUM_CONVERSION = YES;
				CLANG_WARN_INFINITE_RECURSION = YES;
				CLANG_WARN_INT_CONVERSION = YES;
				CLANG_WARN_NON_LITERAL_NULL_CONVERSION = YES;
				CLANG_WARN_OBJC_IMPLICIT_RETAIN_SELF = YES;
				CLANG_WARN_OBJC_LITERAL_CONVERSION = YES;
				CLANG_WARN_OBJC_ROOT_CLASS = YES_ERROR;
				CLANG_WARN_QUOTED_INCLUDE_IN_FRAMEWORK_HEADER = YES;
				CLANG_WARN_RANGE_LOOP_ANALYSIS = YES;
				CLANG_WARN_STRICT_PROTOTYPES = YES;
				CLANG_WARN_SUSPICIOUS_MOVE = YES;
				CLANG_WARN_UNGUARDED_AVAILABILITY = YES_AGGRESSIVE;
				CLANG_WARN_UNREACHABLE_CODE = YES;
				CLANG_WARN__DUPLICATE_METHOD_MATCH = YES;
				COPY_PHASE_STRIP = NO;
				DEBUG_INFORMATION_FORMAT = dwarf;
				ENABLE_STRICT_OBJC_MSGSEND = YES;
				ENABLE_TESTABILITY = YES;
				GCC_C_LANGUAGE_STANDARD = gnu11;
				GCC_DYNAMIC_NO_PIC = NO;
				GCC_NO_COMMON_BLOCKS = YES;
				GCC_OPTIMIZATION_LEVEL = 0;
				GCC_PREPROCESSOR_DEFINITIONS = (
					"DEBUG=1",
					"$(inherited)",
				);
				GCC_WARN_64_TO_32_BIT_CONVERSION = YES;
				GCC_WARN_ABOUT_RETURN_TYPE = YES_ERROR;
				GCC_WARN_UNDECLARED_SELECTOR = YES;
				GCC_WARN_UNINITIALIZED_AUTOS = YES_AGGRESSIVE;
				GCC_WARN_UNUSED_FUNCTION = YES;
				GCC_WARN_UNUSED_VARIABLE = YES;
				IPHONEOS_DEPLOYMENT_TARGET = 16.0;
				MTL_ENABLE_DEBUG_INFO = INCLUDE_SOURCE;
				MTL_FAST_MATH = YES;
				ONLY_ACTIVE_ARCH = YES;
				SDKROOT = iphoneos;
			};
			name = Debug;
		};
		CE3BAECF28FA61D300B011CA /* Release */ = {
			isa = XCBuildConfiguration;
			buildSettings = {
				ALWAYS_SEARCH_USER_PATHS = NO;
				CLANG_ANALYZER_NONNULL = YES;
				CLANG_ANALYZER_NUMBER_OBJECT_CONVERSION = YES_AGGRESSIVE;
				CLANG_CXX_LANGUAGE_STANDARD = "gnu++20";
				CLANG_ENABLE_MODULES = YES;
				CLANG_ENABLE_OBJC_ARC = YES;
				CLANG_ENABLE_OBJC_WEAK = YES;
				CLANG_WARN_BLOCK_CAPTURE_AUTORELEASING = YES;
				CLANG_WARN_BOOL_CONVERSION = YES;
				CLANG_WARN_COMMA = YES;
				CLANG_WARN_CONSTANT_CONVERSION = YES;
				CLANG_WARN_DEPRECATED_OBJC_IMPLEMENTATIONS = YES;
				CLANG_WARN_DIRECT_OBJC_ISA_USAGE = YES_ERROR;
				CLANG_WARN_DOCUMENTATION_COMMENTS = YES;
				CLANG_WARN_EMPTY_BODY = YES;
				CLANG_WARN_ENUM_CONVERSION = YES;
				CLANG_WARN_INFINITE_RECURSION = YES;
				CLANG_WARN_INT_CONVERSION = YES;
				CLANG_WARN_NON_LITERAL_NULL_CONVERSION = YES;
				CLANG_WARN_OBJC_IMPLICIT_RETAIN_SELF = YES;
				CLANG_WARN_OBJC_LITERAL_CONVERSION = YES;
				CLANG_WARN_OBJC_ROOT_CLASS = YES_ERROR;
				CLANG_WARN_QUOTED_INCLUDE_IN_FRAMEWORK_HEADER = YES;
				CLANG_WARN_RANGE_LOOP_ANALYSIS = YES;
				CLANG_WARN_STRICT_PROTOTYPES = YES;
				CLANG_WARN_SUSPICIOUS_MOVE = YES;
				CLANG_WARN_UNGUARDED_AVAILABILITY = YES_AGGRESSIVE;
				CLANG_WARN_UNREACHABLE_CODE = YES;
				CLANG_WARN__DUPLICATE_METHOD_MATCH = YES;
				COPY_PHASE_STRIP = NO;
				DEBUG_INFORMATION_FORMAT = "dwarf-with-dsym";
				ENABLE_NS_ASSERTIONS = NO;
				ENABLE_STRICT_OBJC_MSGSEND = YES;
				GCC_C_LANGUAGE_STANDARD = gnu11;
				GCC_NO_COMMON_BLOCKS = YES;
				GCC_WARN_64_TO_32_BIT_CONVERSION = YES;
				GCC_WARN_ABOUT_RETURN_TYPE = YES_ERROR;
				GCC_WARN_UNDECLARED_SELECTOR = YES;
				GCC_WARN_UNINITIALIZED_AUTOS = YES_AGGRESSIVE;
				GCC_WARN_UNUSED_FUNCTION = YES;
				GCC_WARN_UNUSED_VARIABLE = YES;
				IPHONEOS_DEPLOYMENT_TARGET = 16.0;
				MTL_ENABLE_DEBUG_INFO = NO;
				MTL_FAST_MATH = YES;
				SDKROOT = iphoneos;
				VALIDATE_PRODUCT = YES;
			};
			name = Release;
		};
		CE3BAED128FA61D300B011CA /* Debug */ = {
			isa = XCBuildConfiguration;
			buildSettings = {
				ASSETCATALOG_COMPILER_APPICON_NAME = AppIcon;
				ASSETCATALOG_COMPILER_GLOBAL_ACCENT_COLOR_NAME = AccentColor;
				CODE_SIGN_STYLE = Automatic;
				CURRENT_PROJECT_VERSION = 1;
				DEVELOPMENT_TEAM = 2U56DP6BMP;
				GENERATE_INFOPLIST_FILE = YES;
				INFOPLIST_FILE = LondonLandmarks/Info.plist;
				INFOPLIST_KEY_UIApplicationSupportsIndirectInputEvents = YES;
				INFOPLIST_KEY_UILaunchStoryboardName = LaunchScreen;
				INFOPLIST_KEY_UIMainStoryboardFile = Main;
				INFOPLIST_KEY_UISupportedInterfaceOrientations_iPad = "UIInterfaceOrientationPortrait UIInterfaceOrientationPortraitUpsideDown UIInterfaceOrientationLandscapeLeft UIInterfaceOrientationLandscapeRight";
				INFOPLIST_KEY_UISupportedInterfaceOrientations_iPhone = "UIInterfaceOrientationPortrait UIInterfaceOrientationLandscapeLeft UIInterfaceOrientationLandscapeRight";
				LD_RUNPATH_SEARCH_PATHS = (
					"$(inherited)",
					"@executable_path/Frameworks",
				);
				MARKETING_VERSION = 1.0;
				PRODUCT_BUNDLE_IDENTIFIER = com.andrealmeida.LondonLandmarks;
				PRODUCT_NAME = "$(TARGET_NAME)";
				SWIFT_EMIT_LOC_STRINGS = YES;
				TARGETED_DEVICE_FAMILY = "1,2";
			};
			name = Debug;
		};
		CE3BAED228FA61D300B011CA /* Release */ = {
			isa = XCBuildConfiguration;
			buildSettings = {
				ASSETCATALOG_COMPILER_APPICON_NAME = AppIcon;
				ASSETCATALOG_COMPILER_GLOBAL_ACCENT_COLOR_NAME = AccentColor;
				CODE_SIGN_STYLE = Automatic;
				CURRENT_PROJECT_VERSION = 1;
				DEVELOPMENT_TEAM = 2U56DP6BMP;
				GENERATE_INFOPLIST_FILE = YES;
				INFOPLIST_FILE = LondonLandmarks/Info.plist;
				INFOPLIST_KEY_UIApplicationSupportsIndirectInputEvents = YES;
				INFOPLIST_KEY_UILaunchStoryboardName = LaunchScreen;
				INFOPLIST_KEY_UIMainStoryboardFile = Main;
				INFOPLIST_KEY_UISupportedInterfaceOrientations_iPad = "UIInterfaceOrientationPortrait UIInterfaceOrientationPortraitUpsideDown UIInterfaceOrientationLandscapeLeft UIInterfaceOrientationLandscapeRight";
				INFOPLIST_KEY_UISupportedInterfaceOrientations_iPhone = "UIInterfaceOrientationPortrait UIInterfaceOrientationLandscapeLeft UIInterfaceOrientationLandscapeRight";
				LD_RUNPATH_SEARCH_PATHS = (
					"$(inherited)",
					"@executable_path/Frameworks",
				);
				MARKETING_VERSION = 1.0;
				PRODUCT_BUNDLE_IDENTIFIER = com.andrealmeida.LondonLandmarks;
				PRODUCT_NAME = "$(TARGET_NAME)";
				SWIFT_EMIT_LOC_STRINGS = YES;
				TARGETED_DEVICE_FAMILY = "1,2";
			};
			name = Release;
		};
		CE3BAED428FA61D300B011CA /* Debug */ = {
			isa = XCBuildConfiguration;
			buildSettings = {
				BUNDLE_LOADER = "$(TEST_HOST)";
				CODE_SIGN_STYLE = Automatic;
				CURRENT_PROJECT_VERSION = 1;
				DEVELOPMENT_TEAM = 2U56DP6BMP;
				GENERATE_INFOPLIST_FILE = YES;
				IPHONEOS_DEPLOYMENT_TARGET = 16.0;
				MARKETING_VERSION = 1.0;
				PRODUCT_BUNDLE_IDENTIFIER = com.andrealmeida.LondonLandmarksTests;
				PRODUCT_NAME = "$(TARGET_NAME)";
				SWIFT_EMIT_LOC_STRINGS = NO;
				TARGETED_DEVICE_FAMILY = "1,2";
				TEST_HOST = "$(BUILT_PRODUCTS_DIR)/LondonLandmarks.app/$(BUNDLE_EXECUTABLE_FOLDER_PATH)/LondonLandmarks";
			};
			name = Debug;
		};
		CE3BAED528FA61D300B011CA /* Release */ = {
			isa = XCBuildConfiguration;
			buildSettings = {
				BUNDLE_LOADER = "$(TEST_HOST)";
				CODE_SIGN_STYLE = Automatic;
				CURRENT_PROJECT_VERSION = 1;
				DEVELOPMENT_TEAM = 2U56DP6BMP;
				GENERATE_INFOPLIST_FILE = YES;
				IPHONEOS_DEPLOYMENT_TARGET = 16.0;
				MARKETING_VERSION = 1.0;
				PRODUCT_BUNDLE_IDENTIFIER = com.andrealmeida.LondonLandmarksTests;
				PRODUCT_NAME = "$(TARGET_NAME)";
				SWIFT_EMIT_LOC_STRINGS = NO;
				TARGETED_DEVICE_FAMILY = "1,2";
				TEST_HOST = "$(BUILT_PRODUCTS_DIR)/LondonLandmarks.app/$(BUNDLE_EXECUTABLE_FOLDER_PATH)/LondonLandmarks";
			};
			name = Release;
		};
		CE3BAED728FA61D300B011CA /* Debug */ = {
			isa = XCBuildConfiguration;
			buildSettings = {
				CODE_SIGN_STYLE = Automatic;
				CURRENT_PROJECT_VERSION = 1;
				DEVELOPMENT_TEAM = 2U56DP6BMP;
				GENERATE_INFOPLIST_FILE = YES;
				MARKETING_VERSION = 1.0;
				PRODUCT_BUNDLE_IDENTIFIER = com.andrealmeida.LondonLandmarksUITests;
				PRODUCT_NAME = "$(TARGET_NAME)";
				SWIFT_EMIT_LOC_STRINGS = NO;
				TARGETED_DEVICE_FAMILY = "1,2";
				TEST_TARGET_NAME = LondonLandmarks;
			};
			name = Debug;
		};
		CE3BAED828FA61D300B011CA /* Release */ = {
			isa = XCBuildConfiguration;
			buildSettings = {
				CODE_SIGN_STYLE = Automatic;
				CURRENT_PROJECT_VERSION = 1;
				DEVELOPMENT_TEAM = 2U56DP6BMP;
				GENERATE_INFOPLIST_FILE = YES;
				MARKETING_VERSION = 1.0;
				PRODUCT_BUNDLE_IDENTIFIER = com.andrealmeida.LondonLandmarksUITests;
				PRODUCT_NAME = "$(TARGET_NAME)";
				SWIFT_EMIT_LOC_STRINGS = NO;
				TARGETED_DEVICE_FAMILY = "1,2";
				TEST_TARGET_NAME = LondonLandmarks;
			};
			name = Release;
		};
/* End XCBuildConfiguration section */

/* Begin XCConfigurationList section */
		CE3BAE9C28FA61D100B011CA /* Build configuration list for PBXProject "LondonLandmarks" */ = {
			isa = XCConfigurationList;
			buildConfigurations = (
				CE3BAECE28FA61D300B011CA /* Debug */,
				CE3BAECF28FA61D300B011CA /* Release */,
			);
			defaultConfigurationIsVisible = 0;
			defaultConfigurationName = Release;
		};
		CE3BAED028FA61D300B011CA /* Build configuration list for PBXNativeTarget "LondonLandmarks" */ = {
			isa = XCConfigurationList;
			buildConfigurations = (
				CE3BAED128FA61D300B011CA /* Debug */,
				CE3BAED228FA61D300B011CA /* Release */,
			);
			defaultConfigurationIsVisible = 0;
			defaultConfigurationName = Release;
		};
		CE3BAED328FA61D300B011CA /* Build configuration list for PBXNativeTarget "LondonLandmarksTests" */ = {
			isa = XCConfigurationList;
			buildConfigurations = (
				CE3BAED428FA61D300B011CA /* Debug */,
				CE3BAED528FA61D300B011CA /* Release */,
			);
			defaultConfigurationIsVisible = 0;
			defaultConfigurationName = Release;
		};
		CE3BAED628FA61D300B011CA /* Build configuration list for PBXNativeTarget "LondonLandmarksUITests" */ = {
			isa = XCConfigurationList;
			buildConfigurations = (
				CE3BAED728FA61D300B011CA /* Debug */,
				CE3BAED828FA61D300B011CA /* Release */,
			);
			defaultConfigurationIsVisible = 0;
			defaultConfigurationName = Release;
		};
/* End XCConfigurationList section */
	};
	rootObject = CE3BAE9928FA61D100B011CA /* Project object */;
}
